
Microsoft Visual Studio Solution File, Format Version 12.00
# Visual Studio 15
VisualStudioVersion = 15.0.28307.329
MinimumVisualStudioVersion = 10.0.40219.1
Project("{FAE04EC0-301F-11D3-BF4B-00C04F79EFBC}") = "Madadgar - Admin Portal", "Madadgar - Admin Portal\Madadgar - Admin Portal.csproj", "{A7A1590F-68AE-4346-AEB0-97422699FC9D}"
EndProject
Global
	GlobalSection(SolutionConfigurationPlatforms) = preSolution
		Debug|Any CPU = Debug|Any CPU
		Release|Any CPU = Release|Any CPU
	EndGlobalSection
	GlobalSection(ProjectConfigurationPlatforms) = postSolution
		{A7A1590F-68AE-4346-AEB0-97422699FC9D}.Debug|Any CPU.ActiveCfg = Debug|Any CPU
		{A7A1590F-68AE-4346-AEB0-97422699FC9D}.Debug|Any CPU.Build.0 = Debug|Any CPU
		{A7A1590F-68AE-4346-AEB0-97422699FC9D}.Release|Any CPU.ActiveCfg = Release|Any CPU
		{A7A1590F-68AE-4346-AEB0-97422699FC9D}.Release|Any CPU.Build.0 = Release|Any CPU
	EndGlobalSection
	GlobalSection(SolutionProperties) = preSolution
		HideSolutionNode = FALSE
	EndGlobalSection
	GlobalSection(ExtensibilityGlobals) = postSolution
		SolutionGuid = {B53B39B2-B5CE-4247-9A4F-DEF27C27653D}
	EndGlobalSection
EndGlobal
